// !$*UTF8*$!
{
	archiveVersion = 1;
	classes = {
	};
	objectVersion = 50;
	objects = {

/* Begin PBXBuildFile section */
		0294E8C524D05ED000FE39DC /* AppDelegate.swift in Sources */ = {isa = PBXBuildFile; fileRef = 0294E8C424D05ED000FE39DC /* AppDelegate.swift */; };
		0294E8C724D05ED000FE39DC /* SceneDelegate.swift in Sources */ = {isa = PBXBuildFile; fileRef = 0294E8C624D05ED000FE39DC /* SceneDelegate.swift */; };
		0294E8CC24D05ED000FE39DC /* Main.storyboard in Resources */ = {isa = PBXBuildFile; fileRef = 0294E8CA24D05ED000FE39DC /* Main.storyboard */; };
		0294E8CE24D05ED400FE39DC /* Assets.xcassets in Resources */ = {isa = PBXBuildFile; fileRef = 0294E8CD24D05ED400FE39DC /* Assets.xcassets */; };
		0294E8D124D05ED400FE39DC /* LaunchScreen.storyboard in Resources */ = {isa = PBXBuildFile; fileRef = 0294E8CF24D05ED400FE39DC /* LaunchScreen.storyboard */; };
/* End PBXBuildFile section */

/* Begin PBXFileReference section */
		0294E8C124D05ED000FE39DC /* WhatCanIEat.app */ = {isa = PBXFileReference; explicitFileType = wrapper.application; includeInIndex = 0; path = WhatCanIEat.app; sourceTree = BUILT_PRODUCTS_DIR; };
		0294E8C424D05ED000FE39DC /* AppDelegate.swift */ = {isa = PBXFileReference; lastKnownFileType = sourcecode.swift; path = AppDelegate.swift; sourceTree = "<group>"; };
		0294E8C624D05ED000FE39DC /* SceneDelegate.swift */ = {isa = PBXFileReference; lastKnownFileType = sourcecode.swift; path = SceneDelegate.swift; sourceTree = "<group>"; };
		0294E8CB24D05ED000FE39DC /* Base */ = {isa = PBXFileReference; lastKnownFileType = file.storyboard; name = Base; path = Base.lproj/Main.storyboard; sourceTree = "<group>"; };
		0294E8CD24D05ED400FE39DC /* Assets.xcassets */ = {isa = PBXFileReference; lastKnownFileType = folder.assetcatalog; path = Assets.xcassets; sourceTree = "<group>"; };
		0294E8D024D05ED400FE39DC /* Base */ = {isa = PBXFileReference; lastKnownFileType = file.storyboard; name = Base; path = Base.lproj/LaunchScreen.storyboard; sourceTree = "<group>"; };
		0294E8D224D05ED400FE39DC /* Info.plist */ = {isa = PBXFileReference; lastKnownFileType = text.plist.xml; path = Info.plist; sourceTree = "<group>"; };
/* End PBXFileReference section */

/* Begin PBXFrameworksBuildPhase section */
		0294E8BE24D05ED000FE39DC /* Frameworks */ = {
			isa = PBXFrameworksBuildPhase;
			buildActionMask = 2147483647;
			files = (
			);
			runOnlyForDeploymentPostprocessing = 0;
		};
/* End PBXFrameworksBuildPhase section */

/* Begin PBXGroup section */
		0294E8B824D05ED000FE39DC = {
			isa = PBXGroup;
			children = (
				0294E8C324D05ED000FE39DC /* WhatCanIEat */,
				0294E8C224D05ED000FE39DC /* Products */,
			);
			sourceTree = "<group>";
		};
		0294E8C224D05ED000FE39DC /* Products */ = {
			isa = PBXGroup;
			children = (
				0294E8C124D05ED000FE39DC /* WhatCanIEat.app */,
			);
			name = Products;
			sourceTree = "<group>";
		};
		0294E8C324D05ED000FE39DC /* WhatCanIEat */ = {
			isa = PBXGroup;
			children = (
				0294E8DB24D05EF200FE39DC /* Model */,
				0294E8DA24D05EEB00FE39DC /* View */,
				0294E8D924D05EE700FE39DC /* Controller */,
				0294E8D824D05EDB00FE39DC /* Ressources */,
				0294E8D224D05ED400FE39DC /* Info.plist */,
			);
			path = WhatCanIEat;
			sourceTree = "<group>";
		};
		0294E8D824D05EDB00FE39DC /* Ressources */ = {
			isa = PBXGroup;
			children = (
				0294E8CD24D05ED400FE39DC /* Assets.xcassets */,
				0294E8C424D05ED000FE39DC /* AppDelegate.swift */,
				0294E8C624D05ED000FE39DC /* SceneDelegate.swift */,
			);
			path = Ressources;
			sourceTree = "<group>";
		};
		0294E8D924D05EE700FE39DC /* Controller */ = {
			isa = PBXGroup;
			children = (
			);
			path = Controller;
			sourceTree = "<group>";
		};
		0294E8DA24D05EEB00FE39DC /* View */ = {
			isa = PBXGroup;
			children = (
				0294E8CA24D05ED000FE39DC /* Main.storyboard */,
				0294E8CF24D05ED400FE39DC /* LaunchScreen.storyboard */,
			);
			path = View;
			sourceTree = "<group>";
		};
		0294E8DB24D05EF200FE39DC /* Model */ = {
			isa = PBXGroup;
			children = (
			);
			path = Model;
			sourceTree = "<group>";
		};
/* End PBXGroup section */

/* Begin PBXNativeTarget section */
		0294E8C024D05ED000FE39DC /* WhatCanIEat */ = {
			isa = PBXNativeTarget;
			buildConfigurationList = 0294E8D524D05ED400FE39DC /* Build configuration list for PBXNativeTarget "WhatCanIEat" */;
			buildPhases = (
				0294E8BD24D05ED000FE39DC /* Sources */,
				0294E8BE24D05ED000FE39DC /* Frameworks */,
				0294E8BF24D05ED000FE39DC /* Resources */,
			);
			buildRules = (
			);
			dependencies = (
			);
			name = WhatCanIEat;
			productName = WhatCanIEat;
			productReference = 0294E8C124D05ED000FE39DC /* WhatCanIEat.app */;
			productType = "com.apple.product-type.application";
		};
/* End PBXNativeTarget section */

/* Begin PBXProject section */
		0294E8B924D05ED000FE39DC /* Project object */ = {
			isa = PBXProject;
			attributes = {
				LastSwiftUpdateCheck = 1160;
				LastUpgradeCheck = 1160;
				ORGANIZATIONNAME = "Jérôme Guèrin";
				TargetAttributes = {
					0294E8C024D05ED000FE39DC = {
						CreatedOnToolsVersion = 11.6;
					};
				};
			};
			buildConfigurationList = 0294E8BC24D05ED000FE39DC /* Build configuration list for PBXProject "WhatCanIEat" */;
			compatibilityVersion = "Xcode 9.3";
			developmentRegion = en;
			hasScannedForEncodings = 0;
			knownRegions = (
				en,
				Base,
			);
			mainGroup = 0294E8B824D05ED000FE39DC;
			productRefGroup = 0294E8C224D05ED000FE39DC /* Products */;
			projectDirPath = "";
			projectRoot = "";
			targets = (
				0294E8C024D05ED000FE39DC /* WhatCanIEat */,
			);
		};
/* End PBXProject section */

/* Begin PBXResourcesBuildPhase section */
		0294E8BF24D05ED000FE39DC /* Resources */ = {
			isa = PBXResourcesBuildPhase;
			buildActionMask = 2147483647;
			files = (
				0294E8D124D05ED400FE39DC /* LaunchScreen.storyboard in Resources */,
				0294E8CE24D05ED400FE39DC /* Assets.xcassets in Resources */,
				0294E8CC24D05ED000FE39DC /* Main.storyboard in Resources */,
			);
			runOnlyForDeploymentPostprocessing = 0;
		};
/* End PBXResourcesBuildPhase section */

/* Begin PBXSourcesBuildPhase section */
		0294E8BD24D05ED000FE39DC /* Sources */ = {
			isa = PBXSourcesBuildPhase;
			buildActionMask = 2147483647;
			files = (
				0294E8C524D05ED000FE39DC /* AppDelegate.swift in Sources */,
				0294E8C724D05ED000FE39DC /* SceneDelegate.swift in Sources */,
			);
			runOnlyForDeploymentPostprocessing = 0;
		};
/* End PBXSourcesBuildPhase section */

/* Begin PBXVariantGroup section */
		0294E8CA24D05ED000FE39DC /* Main.storyboard */ = {
			isa = PBXVariantGroup;
			children = (
				0294E8CB24D05ED000FE39DC /* Base */,
			);
			name = Main.storyboard;
			sourceTree = "<group>";
		};
		0294E8CF24D05ED400FE39DC /* LaunchScreen.storyboard */ = {
			isa = PBXVariantGroup;
			children = (
				0294E8D024D05ED400FE39DC /* Base */,
			);
			name = LaunchScreen.storyboard;
			sourceTree = "<group>";
		};
/* End PBXVariantGroup section */

/* Begin XCBuildConfiguration section */
		0294E8D324D05ED400FE39DC /* Debug */ = {
			isa = XCBuildConfiguration;
			buildSettings = {
				ALWAYS_SEARCH_USER_PATHS = NO;
				CLANG_ANALYZER_NONNULL = YES;
				CLANG_ANALYZER_NUMBER_OBJECT_CONVERSION = YES_AGGRESSIVE;
				CLANG_CXX_LANGUAGE_STANDARD = "gnu++14";
				CLANG_CXX_LIBRARY = "libc++";
				CLANG_ENABLE_MODULES = YES;
				CLANG_ENABLE_OBJC_ARC = YES;
				CLANG_ENABLE_OBJC_WEAK = YES;
				CLANG_WARN_BLOCK_CAPTURE_AUTORELEASING = YES;
				CLANG_WARN_BOOL_CONVERSION = YES;
				CLANG_WARN_COMMA = YES;
				CLANG_WARN_CONSTANT_CONVERSION = YES;
				CLANG_WARN_DEPRECATED_OBJC_IMPLEMENTATIONS = YES;
				CLANG_WARN_DIRECT_OBJC_ISA_USAGE = YES_ERROR;
				CLANG_WARN_DOCUMENTATION_COMMENTS = YES;
				CLANG_WARN_EMPTY_BODY = YES;
				CLANG_WARN_ENUM_CONVERSION = YES;
				CLANG_WARN_INFINITE_RECURSION = YES;
				CLANG_WARN_INT_CONVERSION = YES;
				CLANG_WARN_NON_LITERAL_NULL_CONVERSION = YES;
				CLANG_WARN_OBJC_IMPLICIT_RETAIN_SELF = YES;
				CLANG_WARN_OBJC_LITERAL_CONVERSION = YES;
				CLANG_WARN_OBJC_ROOT_CLASS = YES_ERROR;
				CLANG_WARN_RANGE_LOOP_ANALYSIS = YES;
				CLANG_WARN_STRICT_PROTOTYPES = YES;
				CLANG_WARN_SUSPICIOUS_MOVE = YES;
				CLANG_WARN_UNGUARDED_AVAILABILITY = YES_AGGRESSIVE;
				CLANG_WARN_UNREACHABLE_CODE = YES;
				CLANG_WARN__DUPLICATE_METHOD_MATCH = YES;
				COPY_PHASE_STRIP = NO;
				DEBUG_INFORMATION_FORMAT = dwarf;
				ENABLE_STRICT_OBJC_MSGSEND = YES;
				ENABLE_TESTABILITY = YES;
				GCC_C_LANGUAGE_STANDARD = gnu11;
				GCC_DYNAMIC_NO_PIC = NO;
				GCC_NO_COMMON_BLOCKS = YES;
				GCC_OPTIMIZATION_LEVEL = 0;
				GCC_PREPROCESSOR_DEFINITIONS = (
					"DEBUG=1",
					"$(inherited)",
				);
				GCC_WARN_64_TO_32_BIT_CONVERSION = YES;
				GCC_WARN_ABOUT_RETURN_TYPE = YES_ERROR;
				GCC_WARN_UNDECLARED_SELECTOR = YES;
				GCC_WARN_UNINITIALIZED_AUTOS = YES_AGGRESSIVE;
				GCC_WARN_UNUSED_FUNCTION = YES;
				GCC_WARN_UNUSED_VARIABLE = YES;
				IPHONEOS_DEPLOYMENT_TARGET = 13.6;
				MTL_ENABLE_DEBUG_INFO = INCLUDE_SOURCE;
				MTL_FAST_MATH = YES;
				ONLY_ACTIVE_ARCH = YES;
				SDKROOT = iphoneos;
				SWIFT_ACTIVE_COMPILATION_CONDITIONS = DEBUG;
				SWIFT_OPTIMIZATION_LEVEL = "-Onone";
			};
			name = Debug;
		};
		0294E8D424D05ED400FE39DC /* Release */ = {
			isa = XCBuildConfiguration;
			buildSettings = {
				ALWAYS_SEARCH_USER_PATHS = NO;
				CLANG_ANALYZER_NONNULL = YES;
				CLANG_ANALYZER_NUMBER_OBJECT_CONVERSION = YES_AGGRESSIVE;
				CLANG_CXX_LANGUAGE_STANDARD = "gnu++14";
				CLANG_CXX_LIBRARY = "libc++";
				CLANG_ENABLE_MODULES = YES;
				CLANG_ENABLE_OBJC_ARC = YES;
				CLANG_ENABLE_OBJC_WEAK = YES;
				CLANG_WARN_BLOCK_CAPTURE_AUTORELEASING = YES;
				CLANG_WARN_BOOL_CONVERSION = YES;
				CLANG_WARN_COMMA = YES;
				CLANG_WARN_CONSTANT_CONVERSION = YES;
				CLANG_WARN_DEPRECATED_OBJC_IMPLEMENTATIONS = YES;
				CLANG_WARN_DIRECT_OBJC_ISA_USAGE = YES_ERROR;
				CLANG_WARN_DOCUMENTATION_COMMENTS = YES;
				CLANG_WARN_EMPTY_BODY = YES;
				CLANG_WARN_ENUM_CONVERSION = YES;
				CLANG_WARN_INFINITE_RECURSION = YES;
				CLANG_WARN_INT_CONVERSION = YES;
				CLANG_WARN_NON_LITERAL_NULL_CONVERSION = YES;
				CLANG_WARN_OBJC_IMPLICIT_RETAIN_SELF = YES;
				CLANG_WARN_OBJC_LITERAL_CONVERSION = YES;
				CLANG_WARN_OBJC_ROOT_CLASS = YES_ERROR;
				CLANG_WARN_RANGE_LOOP_ANALYSIS = YES;
				CLANG_WARN_STRICT_PROTOTYPES = YES;
				CLANG_WARN_SUSPICIOUS_MOVE = YES;
				CLANG_WARN_UNGUARDED_AVAILABILITY = YES_AGGRESSIVE;
				CLANG_WARN_UNREACHABLE_CODE = YES;
				CLANG_WARN__DUPLICATE_METHOD_MATCH = YES;
				COPY_PHASE_STRIP = NO;
				DEBUG_INFORMATION_FORMAT = "dwarf-with-dsym";
				ENABLE_NS_ASSERTIONS = NO;
				ENABLE_STRICT_OBJC_MSGSEND = YES;
				GCC_C_LANGUAGE_STANDARD = gnu11;
				GCC_NO_COMMON_BLOCKS = YES;
				GCC_WARN_64_TO_32_BIT_CONVERSION = YES;
				GCC_WARN_ABOUT_RETURN_TYPE = YES_ERROR;
				GCC_WARN_UNDECLARED_SELECTOR = YES;
				GCC_WARN_UNINITIALIZED_AUTOS = YES_AGGRESSIVE;
				GCC_WARN_UNUSED_FUNCTION = YES;
				GCC_WARN_UNUSED_VARIABLE = YES;
				IPHONEOS_DEPLOYMENT_TARGET = 13.6;
				MTL_ENABLE_DEBUG_INFO = NO;
				MTL_FAST_MATH = YES;
				SDKROOT = iphoneos;
				SWIFT_COMPILATION_MODE = wholemodule;
				SWIFT_OPTIMIZATION_LEVEL = "-O";
				VALIDATE_PRODUCT = YES;
			};
			name = Release;
		};
		0294E8D624D05ED400FE39DC /* Debug */ = {
			isa = XCBuildConfiguration;
			buildSettings = {
				ASSETCATALOG_COMPILER_APPICON_NAME = AppIcon;
				CODE_SIGN_STYLE = Automatic;
				DEVELOPMENT_TEAM = 7QG34LC43K;
				INFOPLIST_FILE = WhatCanIEat/Info.plist;
				IPHONEOS_DEPLOYMENT_TARGET = 13.0;
				LD_RUNPATH_SEARCH_PATHS = (
					"$(inherited)",
					"@executable_path/Frameworks",
				);
				PRODUCT_BUNDLE_IDENTIFIER = com.frjerome.WhatCanIEat;
				PRODUCT_NAME = "$(TARGET_NAME)";
				SWIFT_VERSION = 5.0;
				TARGETED_DEVICE_FAMILY = 1;
			};
			name = Debug;
		};
		0294E8D724D05ED400FE39DC /* Release */ = {
			isa = XCBuildConfiguration;
			buildSettings = {
				ASSETCATALOG_COMPILER_APPICON_NAME = AppIcon;
				CODE_SIGN_STYLE = Automatic;
				DEVELOPMENT_TEAM = 7QG34LC43K;
				INFOPLIST_FILE = WhatCanIEat/Info.plist;
				IPHONEOS_DEPLOYMENT_TARGET = 13.0;
				LD_RUNPATH_SEARCH_PATHS = (
					"$(inherited)",
					"@executable_path/Frameworks",
				);
				PRODUCT_BUNDLE_IDENTIFIER = com.frjerome.WhatCanIEat;
				PRODUCT_NAME = "$(TARGET_NAME)";
				SWIFT_VERSION = 5.0;
				TARGETED_DEVICE_FAMILY = 1;
			};
			name = Release;
		};
/* End XCBuildConfiguration section */

/* Begin XCConfigurationList section */
		0294E8BC24D05ED000FE39DC /* Build configuration list for PBXProject "WhatCanIEat" */ = {
			isa = XCConfigurationList;
			buildConfigurations = (
				0294E8D324D05ED400FE39DC /* Debug */,
				0294E8D424D05ED400FE39DC /* Release */,
			);
			defaultConfigurationIsVisible = 0;
			defaultConfigurationName = Release;
		};
		0294E8D524D05ED400FE39DC /* Build configuration list for PBXNativeTarget "WhatCanIEat" */ = {
			isa = XCConfigurationList;
			buildConfigurations = (
				0294E8D624D05ED400FE39DC /* Debug */,
				0294E8D724D05ED400FE39DC /* Release */,
			);
			defaultConfigurationIsVisible = 0;
			defaultConfigurationName = Release;
		};
/* End XCConfigurationList section */
	};
	rootObject = 0294E8B924D05ED000FE39DC /* Project object */;
}
